{
  "name": "Atom-Alexa",
  "version": "1.0.0",
  "lockfileVersion": 1,
  "requires": true,
  "dependencies": {
    "@firebase/app": {
      "version": "0.1.1",
      "resolved": "https://registry.npmjs.org/@firebase/app/-/app-0.1.1.tgz",
      "integrity": "sha512-LoZj/Igo1PbfSorPRCozTlBhrFvOyxZsiMo2fLyDa2w/gdPbMucpWUi0vIBronR6T/yNJRWdZyyHOMieLtnjcw==",
      "requires": {
        "@firebase/util": "0.1.1"
      }
    },
    "@firebase/auth": {
      "version": "0.2.0",
      "resolved": "https://registry.npmjs.org/@firebase/auth/-/auth-0.2.0.tgz",
      "integrity": "sha512-02tAnE1KcorVJRjs+xf0AngsRyYRpdZ9yDVHX+J5x2Z9v4qNpp1FPkx3A8hmqznCAgqc4C0EbaxHg0BcUlQsWw=="
    },
    "@firebase/database": {
      "version": "0.1.2",
      "resolved": "https://registry.npmjs.org/@firebase/database/-/database-0.1.2.tgz",
      "integrity": "sha512-60D08yaQJ6RVegxriC/VNpHE2+/4itTtxBbo15P8WkFfnsjjJVK8AkkFiCjOxj6TccpjzoAz69Xe2/p8po2fEg==",
      "requires": {
        "@firebase/util": "0.1.1",
        "faye-websocket": "0.9.3"
      }
    },
    "@firebase/firestore": {
      "version": "0.1.2",
      "resolved": "https://registry.npmjs.org/@firebase/firestore/-/firestore-0.1.2.tgz",
      "integrity": "sha512-VqPLPKiSy0EzsQfA4w0qYT93KgkiL/NAIS6Ibajuuts2wbz2CBgsZM1nPvgJnaQCN8LPAT/Vvn2th7nMozFHag==",
      "requires": {
        "@firebase/webchannel-wrapper": "0.2.3"
      }
    },
    "@firebase/messaging": {
      "version": "0.1.2",
      "resolved": "https://registry.npmjs.org/@firebase/messaging/-/messaging-0.1.2.tgz",
      "integrity": "sha512-fZHhO1FO2RHOVg8A0BhwF+Ay0A34AtMEyjo9csht+TQNEaG924Jkf2tUG13nqRda63tmjT5REeWnGv6qAZU4Jw==",
      "requires": {
        "@firebase/util": "0.1.1"
      }
    },
    "@firebase/polyfill": {
      "version": "0.1.1",
      "resolved": "https://registry.npmjs.org/@firebase/polyfill/-/polyfill-0.1.1.tgz",
      "integrity": "sha512-XvZzppOmu5NZvWkvxZuWpD5VeMhyhhlrMvyFAwlOeYrJKcBFkIbmSX46Pe5ttuXYp6EjrVia/Bh1h2h0NYgE7g==",
      "requires": {
        "promise-polyfill": "6.0.2"
      }
    },
    "@firebase/storage": {
      "version": "0.1.1",
      "resolved": "https://registry.npmjs.org/@firebase/storage/-/storage-0.1.1.tgz",
      "integrity": "sha512-ccnANSW/Sun8/pFssCdOsVQrdyDb/ReKU/P0rbDdU0LvnWkYEckegJrYSoDliHuht19qHSl5C062q82ZxReVRQ=="
    },
    "@firebase/util": {
      "version": "0.1.1",
      "resolved": "https://registry.npmjs.org/@firebase/util/-/util-0.1.1.tgz",
      "integrity": "sha512-HtJ3UEecoy2qjoTXwtp0tN4pVR+zH6+pSMtxLHSxgkAAExKsPJUp5W91O6LivjRdiakRwjMZEE9bVPFUCHDhlQ=="
    },
    "@firebase/webchannel-wrapper": {
      "version": "0.2.3",
      "resolved": "https://registry.npmjs.org/@firebase/webchannel-wrapper/-/webchannel-wrapper-0.2.3.tgz",
      "integrity": "sha512-EWSvoDVXmUwP1nP65ob1gEGiJi38Pv1e9dmL1DHBcupmYdST1cbYper6N2EVnCkzMIm2/EfZiGSL1nf8V4uiKg=="
    },
    "alexa-sdk": {
      "version": "1.0.9",
      "resolved": "https://registry.npmjs.org/alexa-sdk/-/alexa-sdk-1.0.9.tgz",
      "integrity": "sha1-KOTAnAlTQByHgkijZKeM4QYoU9M=",
      "requires": {
        "aws-sdk": "2.52.0",
        "i18next": "3.5.2",
        "i18next-sprintf-postprocessor": "0.2.2"
      }
    },
    "aws-sdk": {
      "version": "2.52.0",
      "resolved": "https://registry.npmjs.org/aws-sdk/-/aws-sdk-2.52.0.tgz",
      "integrity": "sha1-5NCQuEXD9d8T3QZeOKckO6Cgizs=",
      "requires": {
        "buffer": "5.0.6",
        "crypto-browserify": "1.0.9",
        "jmespath": "0.15.0",
        "querystring": "0.2.0",
        "sax": "1.2.1",
        "url": "0.10.3",
        "uuid": "3.0.1",
        "xml2js": "0.4.17",
        "xmlbuilder": "4.2.1"
      }
    },
    "base64-js": {
      "version": "1.2.0",
      "resolved": "https://registry.npmjs.org/base64-js/-/base64-js-1.2.0.tgz",
      "integrity": "sha1-o5mS1yNYSBGYK+XikLtqU9hnAPE="
    },
    "buffer": {
      "version": "5.0.6",
      "resolved": "https://registry.npmjs.org/buffer/-/buffer-5.0.6.tgz",
      "integrity": "sha1-LqZp9+7Atu2gWwj4tf9mGyhXNYg=",
      "requires": {
        "base64-js": "1.2.0",
        "ieee754": "1.1.8"
      }
    },
    "crypto-browserify": {
      "version": "1.0.9",
      "resolved": "https://registry.npmjs.org/crypto-browserify/-/crypto-browserify-1.0.9.tgz",
      "integrity": "sha1-zFRJaF37hesRyYKKzHy4erW7/MA="
    },
    "dom-storage": {
      "version": "2.0.2",
      "resolved": "https://registry.npmjs.org/dom-storage/-/dom-storage-2.0.2.tgz",
      "integrity": "sha1-7RfL9oq9EOCu+BgnE+KXxeS1ALA="
    },
    "faye-websocket": {
      "version": "0.9.3",
      "resolved": "https://registry.npmjs.org/faye-websocket/-/faye-websocket-0.9.3.tgz",
      "integrity": "sha1-SCpQWw3wrmJrlphm0710DNuWLoM=",
      "requires": {
        "websocket-driver": "0.7.0"
      }
    },
    "firebase": {
      "version": "4.6.0",
      "resolved": "https://registry.npmjs.org/firebase/-/firebase-4.6.0.tgz",
      "integrity": "sha512-lfVXLQiCNcNsmG7ZxQapQRdE/kZOjheBZVZ1MNK80GTsuK9RO7DYO5Qdf4K9Om8r7OBZ4nRp438kGkf24x7sOg==",
      "requires": {
        "@firebase/app": "0.1.1",
        "@firebase/auth": "0.2.0",
        "@firebase/database": "0.1.2",
        "@firebase/firestore": "0.1.2",
        "@firebase/messaging": "0.1.2",
        "@firebase/polyfill": "0.1.1",
        "@firebase/storage": "0.1.1",
        "dom-storage": "2.0.2",
        "xmlhttprequest": "1.8.0"
      }
    },
    "http-parser-js": {
      "version": "0.4.9",
      "resolved": "https://registry.npmjs.org/http-parser-js/-/http-parser-js-0.4.9.tgz",
      "integrity": "sha1-6hoE+2St/wJC6ZdPKX3Uw8rSceE="
    },
    "i18next": {
      "version": "3.5.2",
      "resolved": "https://registry.npmjs.org/i18next/-/i18next-3.5.2.tgz",
      "integrity": "sha1-kwOQ1cMYzqpIWLUt0OQOayA/n0E="
    },
    "i18next-sprintf-postprocessor": {
      "version": "0.2.2",
      "resolved": "https://registry.npmjs.org/i18next-sprintf-postprocessor/-/i18next-sprintf-postprocessor-0.2.2.tgz",
      "integrity": "sha1-LkCfEENXk4Jpi2otpwzapVHWfqQ="
    },
    "ieee754": {
      "version": "1.1.8",
      "resolved": "https://registry.npmjs.org/ieee754/-/ieee754-1.1.8.tgz",
      "integrity": "sha1-vjPUCsEO8ZJnAfbwii2G+/0a0+Q="
    },
    "jmespath": {
      "version": "0.15.0",
      "resolved": "https://registry.npmjs.org/jmespath/-/jmespath-0.15.0.tgz",
      "integrity": "sha1-o/Iiqarp+Wb10nx5ZRDigJF2Qhc="
    },
    "lodash": {
      "version": "4.17.4",
      "resolved": "https://registry.npmjs.org/lodash/-/lodash-4.17.4.tgz",
      "integrity": "sha1-eCA6TRwyiuHYbcpkYONptX9AVa4="
    },
    "promise-polyfill": {
      "version": "6.0.2",
      "resolved": "https://registry.npmjs.org/promise-polyfill/-/promise-polyfill-6.0.2.tgz",
      "integrity": "sha1-2chtPcTcLfkBboiUbe/Wm0m0EWI="
    },
    "punycode": {
      "version": "1.3.2",
      "resolved": "https://registry.npmjs.org/punycode/-/punycode-1.3.2.tgz",
      "integrity": "sha1-llOgNvt8HuQjQvIyXM7v6jkmxI0="
    },
    "querystring": {
      "version": "0.2.0",
      "resolved": "https://registry.npmjs.org/querystring/-/querystring-0.2.0.tgz",
      "integrity": "sha1-sgmEkgO7Jd+CDadW50cAWHhSFiA="
    },
    "sax": {
      "version": "1.2.1",
      "resolved": "https://registry.npmjs.org/sax/-/sax-1.2.1.tgz",
      "integrity": "sha1-e45lYZCyKOgaZq6nSEgNgozS03o="
    },
    "url": {
      "version": "0.10.3",
      "resolved": "https://registry.npmjs.org/url/-/url-0.10.3.tgz",
      "integrity": "sha1-Ah5NnHcF8hu/N9A861h2dAJ3TGQ=",
      "requires": {
        "punycode": "1.3.2",
        "querystring": "0.2.0"
      }
    },
    "uuid": {
      "version": "3.0.1",
      "resolved": "https://registry.npmjs.org/uuid/-/uuid-3.0.1.tgz",
      "integrity": "sha1-ZUS7ot/ajBzxfmKaOjBeK7H+5sE="
    },
    "websocket-driver": {
      "version": "0.7.0",
      "resolved": "https://registry.npmjs.org/websocket-driver/-/websocket-driver-0.7.0.tgz",
      "integrity": "sha1-DK+dLXVdk67gSdS90NP+LMoqJOs=",
      "requires": {
        "http-parser-js": "0.4.9",
        "websocket-extensions": "0.1.2"
      }
    },
    "websocket-extensions": {
      "version": "0.1.2",
      "resolved": "https://registry.npmjs.org/websocket-extensions/-/websocket-extensions-0.1.2.tgz",
      "integrity": "sha512-1gIA+IP3YqN++3srdr93Y0v5x3QF9K27a6vLebdrRbD5qp4WV+x5GGMGl82sgwbQeAHOm21+BKVp2A+eNfFBlQ=="
    },
    "xml2js": {
      "version": "0.4.17",
      "resolved": "https://registry.npmjs.org/xml2js/-/xml2js-0.4.17.tgz",
      "integrity": "sha1-F76T6q4/O3eTWceVtBlwWogX6Gg=",
      "requires": {
        "sax": "1.2.1",
        "xmlbuilder": "4.2.1"
      }
    },
    "xmlbuilder": {
      "version": "4.2.1",
      "resolved": "https://registry.npmjs.org/xmlbuilder/-/xmlbuilder-4.2.1.tgz",
      "integrity": "sha1-qlijBBoGb5DqoWwvU4n/GfP0YaU=",
      "requires": {
        "lodash": "4.17.4"
      }
    },
    "xmlhttprequest": {
      "version": "1.8.0",
      "resolved": "https://registry.npmjs.org/xmlhttprequest/-/xmlhttprequest-1.8.0.tgz",
      "integrity": "sha1-Z/4HXFwk/vOfnWX197f+dRcZaPw="
    }
  }
}
